
Microsoft Visual Studio Solution File, Format Version 12.00
# Visual Studio Version 16
VisualStudioVersion = 16.0.32413.511
MinimumVisualStudioVersion = 10.0.40219.1
Project("{9A19103F-16F7-4668-BE54-9A1E7A4F7556}") = "lab.10", "lab.10\lab.10.csproj", "{E93843DC-A655-4238-996A-71EA3D9CCC28}"
EndProject
Project("{2150E333-8FDC-42A3-9474-1A3956D46DE8}") = "Solution Items", "Solution Items", "{1B4401F9-F3CF-4AC2-BDB7-8E3470DF36A8}"
EndProject
Project("{FAE04EC0-301F-11D3-BF4B-00C04F79EFBC}") = "lab.10.Tests", "lab.10.Tests\lab.10.Tests.csproj", "{379940FF-0DF8-487B-8B83-4C82F439EA62}"
EndProject
Project("{FAE04EC0-301F-11D3-BF4B-00C04F79EFBC}") = "AnimalLibrary", "AnimalLibrary\AnimalLibrary.csproj", "{232FDDD7-FBF0-49B1-9C00-6F71EBC73C94}"
EndProject
Global
	GlobalSection(SolutionConfigurationPlatforms) = preSolution
		Debug|Any CPU = Debug|Any CPU
		Release|Any CPU = Release|Any CPU
	EndGlobalSection
	GlobalSection(ProjectConfigurationPlatforms) = postSolution
		{E93843DC-A655-4238-996A-71EA3D9CCC28}.Debug|Any CPU.ActiveCfg = Debug|Any CPU
		{E93843DC-A655-4238-996A-71EA3D9CCC28}.Debug|Any CPU.Build.0 = Debug|Any CPU
		{E93843DC-A655-4238-996A-71EA3D9CCC28}.Release|Any CPU.ActiveCfg = Release|Any CPU
		{E93843DC-A655-4238-996A-71EA3D9CCC28}.Release|Any CPU.Build.0 = Release|Any CPU
		{379940FF-0DF8-487B-8B83-4C82F439EA62}.Debug|Any CPU.ActiveCfg = Debug|Any CPU
		{379940FF-0DF8-487B-8B83-4C82F439EA62}.Debug|Any CPU.Build.0 = Debug|Any CPU
		{379940FF-0DF8-487B-8B83-4C82F439EA62}.Release|Any CPU.ActiveCfg = Release|Any CPU
		{379940FF-0DF8-487B-8B83-4C82F439EA62}.Release|Any CPU.Build.0 = Release|Any CPU
		{232FDDD7-FBF0-49B1-9C00-6F71EBC73C94}.Debug|Any CPU.ActiveCfg = Debug|Any CPU
		{232FDDD7-FBF0-49B1-9C00-6F71EBC73C94}.Debug|Any CPU.Build.0 = Debug|Any CPU
		{232FDDD7-FBF0-49B1-9C00-6F71EBC73C94}.Release|Any CPU.ActiveCfg = Release|Any CPU
		{232FDDD7-FBF0-49B1-9C00-6F71EBC73C94}.Release|Any CPU.Build.0 = Release|Any CPU
	EndGlobalSection
	GlobalSection(SolutionProperties) = preSolution
		HideSolutionNode = FALSE
	EndGlobalSection
	GlobalSection(ExtensibilityGlobals) = postSolution
		SolutionGuid = {6B284630-B697-4312-BF0C-C49D144BC212}
	EndGlobalSection
EndGlobal
